// !$*UTF8*$!
{
	archiveVersion = 1;
	classes = {
	};
	objectVersion = 46;
	objects = {

/* Begin PBXBuildFile section */
		D9F7ED751D66D77700219857 /* main.m in Sources */ = {isa = PBXBuildFile; fileRef = D9F7ED741D66D77700219857 /* main.m */; };
		D9F7ED781D66D77700219857 /* AppDelegate.m in Sources */ = {isa = PBXBuildFile; fileRef = D9F7ED771D66D77700219857 /* AppDelegate.m */; };
		D9F7ED7B1D66D77700219857 /* ViewController.m in Sources */ = {isa = PBXBuildFile; fileRef = D9F7ED7A1D66D77700219857 /* ViewController.m */; };
		D9F7ED7E1D66D77700219857 /* Main.storyboard in Resources */ = {isa = PBXBuildFile; fileRef = D9F7ED7C1D66D77700219857 /* Main.storyboard */; };
		D9F7ED801D66D77700219857 /* Assets.xcassets in Resources */ = {isa = PBXBuildFile; fileRef = D9F7ED7F1D66D77700219857 /* Assets.xcassets */; };
		D9F7ED831D66D77700219857 /* LaunchScreen.storyboard in Resources */ = {isa = PBXBuildFile; fileRef = D9F7ED811D66D77700219857 /* LaunchScreen.storyboard */; };
		D9F7ED8B1D66D79000219857 /* FOXSDK.framework in Frameworks */ = {isa = PBXBuildFile; fileRef = D9F7ED8A1D66D79000219857 /* FOXSDK.framework */; settings = {ATTRIBUTES = (Weak, ); }; };
		D9F7ED8D1D66D82F00219857 /* UIKit.framework in Frameworks */ = {isa = PBXBuildFile; fileRef = D9F7ED8C1D66D82F00219857 /* UIKit.framework */; };
		D9F7ED8F1D66D84100219857 /* Foundation.framework in Frameworks */ = {isa = PBXBuildFile; fileRef = D9F7ED8E1D66D84100219857 /* Foundation.framework */; };
		D9F7ED911D66D84E00219857 /* SystemConfiguration.framework in Frameworks */ = {isa = PBXBuildFile; fileRef = D9F7ED901D66D84E00219857 /* SystemConfiguration.framework */; };
		D9F7ED931D66D85D00219857 /* AdSupport.framework in Frameworks */ = {isa = PBXBuildFile; fileRef = D9F7ED921D66D85D00219857 /* AdSupport.framework */; };
/* End PBXBuildFile section */

/* Begin PBXFileReference section */
		D9F7ED701D66D77700219857 /* TestAppFox4.0.0-Objective-C.app */ = {isa = PBXFileReference; explicitFileType = wrapper.application; includeInIndex = 0; path = "TestAppFox4.0.0-Objective-C.app"; sourceTree = BUILT_PRODUCTS_DIR; };
		D9F7ED741D66D77700219857 /* main.m */ = {isa = PBXFileReference; lastKnownFileType = sourcecode.c.objc; path = main.m; sourceTree = "<group>"; };
		D9F7ED761D66D77700219857 /* AppDelegate.h */ = {isa = PBXFileReference; lastKnownFileType = sourcecode.c.h; path = AppDelegate.h; sourceTree = "<group>"; };
		D9F7ED771D66D77700219857 /* AppDelegate.m */ = {isa = PBXFileReference; lastKnownFileType = sourcecode.c.objc; path = AppDelegate.m; sourceTree = "<group>"; };
		D9F7ED791D66D77700219857 /* ViewController.h */ = {isa = PBXFileReference; lastKnownFileType = sourcecode.c.h; path = ViewController.h; sourceTree = "<group>"; };
		D9F7ED7A1D66D77700219857 /* ViewController.m */ = {isa = PBXFileReference; lastKnownFileType = sourcecode.c.objc; path = ViewController.m; sourceTree = "<group>"; };
		D9F7ED7D1D66D77700219857 /* Base */ = {isa = PBXFileReference; lastKnownFileType = file.storyboard; name = Base; path = Base.lproj/Main.storyboard; sourceTree = "<group>"; };
		D9F7ED7F1D66D77700219857 /* Assets.xcassets */ = {isa = PBXFileReference; lastKnownFileType = folder.assetcatalog; path = Assets.xcassets; sourceTree = "<group>"; };
		D9F7ED821D66D77700219857 /* Base */ = {isa = PBXFileReference; lastKnownFileType = file.storyboard; name = Base; path = Base.lproj/LaunchScreen.storyboard; sourceTree = "<group>"; };
		D9F7ED841D66D77700219857 /* Info.plist */ = {isa = PBXFileReference; lastKnownFileType = text.plist.xml; path = Info.plist; sourceTree = "<group>"; };
		D9F7ED8A1D66D79000219857 /* FOXSDK.framework */ = {isa = PBXFileReference; lastKnownFileType = wrapper.framework; path = FOXSDK.framework; sourceTree = "<group>"; };
		D9F7ED8C1D66D82F00219857 /* UIKit.framework */ = {isa = PBXFileReference; lastKnownFileType = wrapper.framework; name = UIKit.framework; path = System/Library/Frameworks/UIKit.framework; sourceTree = SDKROOT; };
		D9F7ED8E1D66D84100219857 /* Foundation.framework */ = {isa = PBXFileReference; lastKnownFileType = wrapper.framework; name = Foundation.framework; path = System/Library/Frameworks/Foundation.framework; sourceTree = SDKROOT; };
		D9F7ED901D66D84E00219857 /* SystemConfiguration.framework */ = {isa = PBXFileReference; lastKnownFileType = wrapper.framework; name = SystemConfiguration.framework; path = System/Library/Frameworks/SystemConfiguration.framework; sourceTree = SDKROOT; };
		D9F7ED921D66D85D00219857 /* AdSupport.framework */ = {isa = PBXFileReference; lastKnownFileType = wrapper.framework; name = AdSupport.framework; path = System/Library/Frameworks/AdSupport.framework; sourceTree = SDKROOT; };
/* End PBXFileReference section */

/* Begin PBXFrameworksBuildPhase section */
		D9F7ED6D1D66D77700219857 /* Frameworks */ = {
			isa = PBXFrameworksBuildPhase;
			buildActionMask = 2147483647;
			files = (
				D9F7ED931D66D85D00219857 /* AdSupport.framework in Frameworks */,
				D9F7ED911D66D84E00219857 /* SystemConfiguration.framework in Frameworks */,
				D9F7ED8F1D66D84100219857 /* Foundation.framework in Frameworks */,
				D9F7ED8D1D66D82F00219857 /* UIKit.framework in Frameworks */,
				D9F7ED8B1D66D79000219857 /* FOXSDK.framework in Frameworks */,
			);
			runOnlyForDeploymentPostprocessing = 0;
		};
/* End PBXFrameworksBuildPhase section */

/* Begin PBXGroup section */
		D9F7ED671D66D77700219857 = {
			isa = PBXGroup;
			children = (
				D9F7ED921D66D85D00219857 /* AdSupport.framework */,
				D9F7ED901D66D84E00219857 /* SystemConfiguration.framework */,
				D9F7ED8E1D66D84100219857 /* Foundation.framework */,
				D9F7ED8C1D66D82F00219857 /* UIKit.framework */,
				D9F7ED721D66D77700219857 /* TestAppFox4.0.0 */,
				D9F7ED711D66D77700219857 /* Products */,
			);
			sourceTree = "<group>";
		};
		D9F7ED711D66D77700219857 /* Products */ = {
			isa = PBXGroup;
			children = (
				D9F7ED701D66D77700219857 /* TestAppFox4.0.0-Objective-C.app */,
			);
			name = Products;
			sourceTree = "<group>";
		};
		D9F7ED721D66D77700219857 /* TestAppFox4.0.0 */ = {
			isa = PBXGroup;
			children = (
				D9F7ED761D66D77700219857 /* AppDelegate.h */,
				D9F7ED771D66D77700219857 /* AppDelegate.m */,
				D9F7ED791D66D77700219857 /* ViewController.h */,
				D9F7ED7A1D66D77700219857 /* ViewController.m */,
				D9F7ED7C1D66D77700219857 /* Main.storyboard */,
				D9F7ED7F1D66D77700219857 /* Assets.xcassets */,
				D9F7ED811D66D77700219857 /* LaunchScreen.storyboard */,
				D9F7ED841D66D77700219857 /* Info.plist */,
				D9F7ED731D66D77700219857 /* Supporting Files */,
			);
			path = TestAppFox4.0.0;
			sourceTree = "<group>";
		};
		D9F7ED731D66D77700219857 /* Supporting Files */ = {
			isa = PBXGroup;
			children = (
				D9F7ED8A1D66D79000219857 /* FOXSDK.framework */,
				D9F7ED741D66D77700219857 /* main.m */,
			);
			name = "Supporting Files";
			sourceTree = "<group>";
		};
/* End PBXGroup section */

/* Begin PBXNativeTarget section */
		D9F7ED6F1D66D77700219857 /* TestAppFox4.0.0-Objective-C */ = {
			isa = PBXNativeTarget;
			buildConfigurationList = D9F7ED871D66D77700219857 /* Build configuration list for PBXNativeTarget "TestAppFox4.0.0-Objective-C" */;
			buildPhases = (
				D9F7ED6C1D66D77700219857 /* Sources */,
				D9F7ED6D1D66D77700219857 /* Frameworks */,
				D9F7ED6E1D66D77700219857 /* Resources */,
			);
			buildRules = (
			);
			dependencies = (
			);
			name = "TestAppFox4.0.0-Objective-C";
			productName = TestAppFox4.0.0;
			productReference = D9F7ED701D66D77700219857 /* TestAppFox4.0.0-Objective-C.app */;
			productType = "com.apple.product-type.application";
		};
/* End PBXNativeTarget section */

/* Begin PBXProject section */
		D9F7ED681D66D77700219857 /* Project object */ = {
			isa = PBXProject;
			attributes = {
				LastUpgradeCheck = 0730;
				ORGANIZATIONNAME = MMizogaki;
				TargetAttributes = {
					D9F7ED6F1D66D77700219857 = {
						CreatedOnToolsVersion = 7.3.1;
					};
				};
			};
			buildConfigurationList = D9F7ED6B1D66D77700219857 /* Build configuration list for PBXProject "TestAppFox4.0.0-Objective-C" */;
			compatibilityVersion = "Xcode 3.2";
			developmentRegion = English;
			hasScannedForEncodings = 0;
			knownRegions = (
				en,
				Base,
			);
			mainGroup = D9F7ED671D66D77700219857;
			productRefGroup = D9F7ED711D66D77700219857 /* Products */;
			projectDirPath = "";
			projectRoot = "";
			targets = (
				D9F7ED6F1D66D77700219857 /* TestAppFox4.0.0-Objective-C */,
			);
		};
/* End PBXProject section */

/* Begin PBXResourcesBuildPhase section */
		D9F7ED6E1D66D77700219857 /* Resources */ = {
			isa = PBXResourcesBuildPhase;
			buildActionMask = 2147483647;
			files = (
				D9F7ED831D66D77700219857 /* LaunchScreen.storyboard in Resources */,
				D9F7ED801D66D77700219857 /* Assets.xcassets in Resources */,
				D9F7ED7E1D66D77700219857 /* Main.storyboard in Resources */,
			);
			runOnlyForDeploymentPostprocessing = 0;
		};
/* End PBXResourcesBuildPhase section */

/* Begin PBXSourcesBuildPhase section */
		D9F7ED6C1D66D77700219857 /* Sources */ = {
			isa = PBXSourcesBuildPhase;
			buildActionMask = 2147483647;
			files = (
				D9F7ED7B1D66D77700219857 /* ViewController.m in Sources */,
				D9F7ED781D66D77700219857 /* AppDelegate.m in Sources */,
				D9F7ED751D66D77700219857 /* main.m in Sources */,
			);
			runOnlyForDeploymentPostprocessing = 0;
		};
/* End PBXSourcesBuildPhase section */

/* Begin PBXVariantGroup section */
		D9F7ED7C1D66D77700219857 /* Main.storyboard */ = {
			isa = PBXVariantGroup;
			children = (
				D9F7ED7D1D66D77700219857 /* Base */,
			);
			name = Main.storyboard;
			sourceTree = "<group>";
		};
		D9F7ED811D66D77700219857 /* LaunchScreen.storyboard */ = {
			isa = PBXVariantGroup;
			children = (
				D9F7ED821D66D77700219857 /* Base */,
			);
			name = LaunchScreen.storyboard;
			sourceTree = "<group>";
		};
/* End PBXVariantGroup section */

/* Begin XCBuildConfiguration section */
		D9F7ED851D66D77700219857 /* Debug */ = {
			isa = XCBuildConfiguration;
			buildSettings = {
				ALWAYS_SEARCH_USER_PATHS = NO;
				CLANG_ANALYZER_NONNULL = YES;
				CLANG_CXX_LANGUAGE_STANDARD = "gnu++0x";
				CLANG_CXX_LIBRARY = "libc++";
				CLANG_ENABLE_MODULES = YES;
				CLANG_ENABLE_OBJC_ARC = YES;
				CLANG_WARN_BOOL_CONVERSION = YES;
				CLANG_WARN_CONSTANT_CONVERSION = YES;
				CLANG_WARN_DIRECT_OBJC_ISA_USAGE = YES_ERROR;
				CLANG_WARN_EMPTY_BODY = YES;
				CLANG_WARN_ENUM_CONVERSION = YES;
				CLANG_WARN_INT_CONVERSION = YES;
				CLANG_WARN_OBJC_ROOT_CLASS = YES_ERROR;
				CLANG_WARN_UNREACHABLE_CODE = YES;
				CLANG_WARN__DUPLICATE_METHOD_MATCH = YES;
				"CODE_SIGN_IDENTITY[sdk=iphoneos*]" = "iPhone Developer";
				COPY_PHASE_STRIP = NO;
				DEBUG_INFORMATION_FORMAT = dwarf;
				ENABLE_STRICT_OBJC_MSGSEND = YES;
				ENABLE_TESTABILITY = YES;
				GCC_C_LANGUAGE_STANDARD = gnu99;
				GCC_DYNAMIC_NO_PIC = NO;
				GCC_ENABLE_BUILTIN_FUNCTIONS = NO;
				GCC_NO_COMMON_BLOCKS = YES;
				GCC_OPTIMIZATION_LEVEL = 0;
				GCC_PRECOMPILE_PREFIX_HEADER = NO;
				GCC_PREFIX_HEADER = "";
				GCC_PREPROCESSOR_DEFINITIONS = (
					"DEBUG=1",
					"$(inherited)",
				);
				GCC_WARN_64_TO_32_BIT_CONVERSION = YES;
				GCC_WARN_ABOUT_RETURN_TYPE = YES_ERROR;
				GCC_WARN_UNDECLARED_SELECTOR = YES;
				GCC_WARN_UNINITIALIZED_AUTOS = YES_AGGRESSIVE;
				GCC_WARN_UNUSED_FUNCTION = YES;
				GCC_WARN_UNUSED_VARIABLE = YES;
				IPHONEOS_DEPLOYMENT_TARGET = 9.2;
				MTL_ENABLE_DEBUG_INFO = YES;
				ONLY_ACTIVE_ARCH = YES;
				SDKROOT = iphoneos;
			};
			name = Debug;
		};
		D9F7ED861D66D77700219857 /* Release */ = {
			isa = XCBuildConfiguration;
			buildSettings = {
				ALWAYS_SEARCH_USER_PATHS = NO;
				CLANG_ANALYZER_NONNULL = YES;
				CLANG_CXX_LANGUAGE_STANDARD = "gnu++0x";
				CLANG_CXX_LIBRARY = "libc++";
				CLANG_ENABLE_MODULES = YES;
				CLANG_ENABLE_OBJC_ARC = YES;
				CLANG_WARN_BOOL_CONVERSION = YES;
				CLANG_WARN_CONSTANT_CONVERSION = YES;
				CLANG_WARN_DIRECT_OBJC_ISA_USAGE = YES_ERROR;
				CLANG_WARN_EMPTY_BODY = YES;
				CLANG_WARN_ENUM_CONVERSION = YES;
				CLANG_WARN_INT_CONVERSION = YES;
				CLANG_WARN_OBJC_ROOT_CLASS = YES_ERROR;
				CLANG_WARN_UNREACHABLE_CODE = YES;
				CLANG_WARN__DUPLICATE_METHOD_MATCH = YES;
				"CODE_SIGN_IDENTITY[sdk=iphoneos*]" = "iPhone Developer";
				COPY_PHASE_STRIP = NO;
				DEBUG_INFORMATION_FORMAT = "dwarf-with-dsym";
				ENABLE_NS_ASSERTIONS = NO;
				ENABLE_STRICT_OBJC_MSGSEND = YES;
				GCC_C_LANGUAGE_STANDARD = gnu99;
				GCC_ENABLE_BUILTIN_FUNCTIONS = NO;
				GCC_NO_COMMON_BLOCKS = YES;
				GCC_PRECOMPILE_PREFIX_HEADER = NO;
				GCC_PREFIX_HEADER = "";
				GCC_WARN_64_TO_32_BIT_CONVERSION = YES;
				GCC_WARN_ABOUT_RETURN_TYPE = YES_ERROR;
				GCC_WARN_UNDECLARED_SELECTOR = YES;
				GCC_WARN_UNINITIALIZED_AUTOS = YES_AGGRESSIVE;
				GCC_WARN_UNUSED_FUNCTION = YES;
				GCC_WARN_UNUSED_VARIABLE = YES;
				IPHONEOS_DEPLOYMENT_TARGET = 9.2;
				MTL_ENABLE_DEBUG_INFO = NO;
				SDKROOT = iphoneos;
				VALIDATE_PRODUCT = YES;
			};
			name = Release;
		};
		D9F7ED881D66D77700219857 /* Debug */ = {
			isa = XCBuildConfiguration;
			buildSettings = {
				ASSETCATALOG_COMPILER_APPICON_NAME = AppIcon;
				FRAMEWORK_SEARCH_PATHS = (
					"$(inherited)",
					"$(PROJECT_DIR)/TestAppFox4.0.0",
				);
				GCC_PREFIX_HEADER = /Users/b07785/TestAppFox4.0.0/TestAppFox4.0.0/PrefixHeader.pch;
				INFOPLIST_FILE = TestAppFox4.0.0/Info.plist;
				IPHONEOS_DEPLOYMENT_TARGET = 7.0;
				LD_RUNPATH_SEARCH_PATHS = "$(inherited) @executable_path/Frameworks";
				PRODUCT_BUNDLE_IDENTIFIER = "com.github.TestAppFox4-0-0";
				PRODUCT_NAME = "TestAppFox4.0.0-Objective-C";
			};
			name = Debug;
		};
		D9F7ED891D66D77700219857 /* Release */ = {
			isa = XCBuildConfiguration;
			buildSettings = {
				ASSETCATALOG_COMPILER_APPICON_NAME = AppIcon;
				FRAMEWORK_SEARCH_PATHS = (
					"$(inherited)",
					"$(PROJECT_DIR)/TestAppFox4.0.0",
				);
				GCC_PREFIX_HEADER = /Users/b07785/TestAppFox4.0.0/TestAppFox4.0.0/PrefixHeader.pch;
				INFOPLIST_FILE = TestAppFox4.0.0/Info.plist;
				IPHONEOS_DEPLOYMENT_TARGET = 7.0;
				LD_RUNPATH_SEARCH_PATHS = "$(inherited) @executable_path/Frameworks";
				PRODUCT_BUNDLE_IDENTIFIER = "com.github.TestAppFox4-0-0";
				PRODUCT_NAME = "TestAppFox4.0.0-Objective-C";
			};
			name = Release;
		};
/* End XCBuildConfiguration section */

/* Begin XCConfigurationList section */
		D9F7ED6B1D66D77700219857 /* Build configuration list for PBXProject "TestAppFox4.0.0-Objective-C" */ = {
			isa = XCConfigurationList;
			buildConfigurations = (
				D9F7ED851D66D77700219857 /* Debug */,
				D9F7ED861D66D77700219857 /* Release */,
			);
			defaultConfigurationIsVisible = 0;
			defaultConfigurationName = Release;
		};
		D9F7ED871D66D77700219857 /* Build configuration list for PBXNativeTarget "TestAppFox4.0.0-Objective-C" */ = {
			isa = XCConfigurationList;
			buildConfigurations = (
				D9F7ED881D66D77700219857 /* Debug */,
				D9F7ED891D66D77700219857 /* Release */,
			);
			defaultConfigurationIsVisible = 0;
			defaultConfigurationName = Release;
		};
/* End XCConfigurationList section */
	};
	rootObject = D9F7ED681D66D77700219857 /* Project object */;
}
